
Microsoft Visual Studio Solution File, Format Version 12.00
# Visual Studio Version 16
VisualStudioVersion = 16.0.32510.428
MinimumVisualStudioVersion = 10.0.40219.1
Project("{FAE04EC0-301F-11D3-BF4B-00C04F79EFBC}") = "wejsciewyjscie", "wejsciewyjscie\wejsciewyjscie.csproj", "{EBC50C91-2729-4136-807F-E1CB94CBB6F6}"
EndProject
Global
	GlobalSection(SolutionConfigurationPlatforms) = preSolution
		Debug|Any CPU = Debug|Any CPU
		Release|Any CPU = Release|Any CPU
	EndGlobalSection
	GlobalSection(ProjectConfigurationPlatforms) = postSolution
		{EBC50C91-2729-4136-807F-E1CB94CBB6F6}.Debug|Any CPU.ActiveCfg = Debug|Any CPU
		{EBC50C91-2729-4136-807F-E1CB94CBB6F6}.Debug|Any CPU.Build.0 = Debug|Any CPU
		{EBC50C91-2729-4136-807F-E1CB94CBB6F6}.Release|Any CPU.ActiveCfg = Release|Any CPU
		{EBC50C91-2729-4136-807F-E1CB94CBB6F6}.Release|Any CPU.Build.0 = Release|Any CPU
	EndGlobalSection
	GlobalSection(SolutionProperties) = preSolution
		HideSolutionNode = FALSE
	EndGlobalSection
	GlobalSection(ExtensibilityGlobals) = postSolution
		SolutionGuid = {4803749F-8AFB-44F8-986F-64C322431616}
	EndGlobalSection
EndGlobal
