
Microsoft Visual Studio Solution File, Format Version 12.00
# Visual Studio Version 16
VisualStudioVersion = 16.0.32510.428
MinimumVisualStudioVersion = 10.0.40219.1
Project("{FAE04EC0-301F-11D3-BF4B-00C04F79EFBC}") = "zadaniacs", "zadaniacs\zadaniacs.csproj", "{6111A441-E492-4C78-97D2-5F4FAC890066}"
EndProject
Global
	GlobalSection(SolutionConfigurationPlatforms) = preSolution
		Debug|Any CPU = Debug|Any CPU
		Release|Any CPU = Release|Any CPU
	EndGlobalSection
	GlobalSection(ProjectConfigurationPlatforms) = postSolution
		{6111A441-E492-4C78-97D2-5F4FAC890066}.Debug|Any CPU.ActiveCfg = Debug|Any CPU
		{6111A441-E492-4C78-97D2-5F4FAC890066}.Debug|Any CPU.Build.0 = Debug|Any CPU
		{6111A441-E492-4C78-97D2-5F4FAC890066}.Release|Any CPU.ActiveCfg = Release|Any CPU
		{6111A441-E492-4C78-97D2-5F4FAC890066}.Release|Any CPU.Build.0 = Release|Any CPU
	EndGlobalSection
	GlobalSection(SolutionProperties) = preSolution
		HideSolutionNode = FALSE
	EndGlobalSection
	GlobalSection(ExtensibilityGlobals) = postSolution
		SolutionGuid = {C05B000F-2268-4EEE-BE3E-7E276C5DB040}
	EndGlobalSection
EndGlobal
