
Microsoft Visual Studio Solution File, Format Version 12.00
# Visual Studio Version 16
VisualStudioVersion = 16.0.32510.428
MinimumVisualStudioVersion = 10.0.40219.1
Project("{FAE04EC0-301F-11D3-BF4B-00C04F79EFBC}") = "zad2.5", "zad2.5\zad2.5.csproj", "{34453CC9-946A-4815-B7B0-FD540EA38B8E}"
EndProject
Global
	GlobalSection(SolutionConfigurationPlatforms) = preSolution
		Debug|Any CPU = Debug|Any CPU
		Release|Any CPU = Release|Any CPU
	EndGlobalSection
	GlobalSection(ProjectConfigurationPlatforms) = postSolution
		{34453CC9-946A-4815-B7B0-FD540EA38B8E}.Debug|Any CPU.ActiveCfg = Debug|Any CPU
		{34453CC9-946A-4815-B7B0-FD540EA38B8E}.Debug|Any CPU.Build.0 = Debug|Any CPU
		{34453CC9-946A-4815-B7B0-FD540EA38B8E}.Release|Any CPU.ActiveCfg = Release|Any CPU
		{34453CC9-946A-4815-B7B0-FD540EA38B8E}.Release|Any CPU.Build.0 = Release|Any CPU
	EndGlobalSection
	GlobalSection(SolutionProperties) = preSolution
		HideSolutionNode = FALSE
	EndGlobalSection
	GlobalSection(ExtensibilityGlobals) = postSolution
		SolutionGuid = {55C2BAD6-4C97-41A7-937A-B00DC319D517}
	EndGlobalSection
EndGlobal
