
Microsoft Visual Studio Solution File, Format Version 12.00
# Visual Studio Version 16
VisualStudioVersion = 16.0.32510.428
MinimumVisualStudioVersion = 10.0.40219.1
Project("{FAE04EC0-301F-11D3-BF4B-00C04F79EFBC}") = "4.5grid", "4.5grid\4.5grid.csproj", "{99D2A98F-60E5-44FC-A600-F038640F0CFF}"
EndProject
Global
	GlobalSection(SolutionConfigurationPlatforms) = preSolution
		Debug|Any CPU = Debug|Any CPU
		Release|Any CPU = Release|Any CPU
	EndGlobalSection
	GlobalSection(ProjectConfigurationPlatforms) = postSolution
		{99D2A98F-60E5-44FC-A600-F038640F0CFF}.Debug|Any CPU.ActiveCfg = Debug|Any CPU
		{99D2A98F-60E5-44FC-A600-F038640F0CFF}.Debug|Any CPU.Build.0 = Debug|Any CPU
		{99D2A98F-60E5-44FC-A600-F038640F0CFF}.Release|Any CPU.ActiveCfg = Release|Any CPU
		{99D2A98F-60E5-44FC-A600-F038640F0CFF}.Release|Any CPU.Build.0 = Release|Any CPU
	EndGlobalSection
	GlobalSection(SolutionProperties) = preSolution
		HideSolutionNode = FALSE
	EndGlobalSection
	GlobalSection(ExtensibilityGlobals) = postSolution
		SolutionGuid = {FF4722B0-F237-48AA-A2B4-0C892966C5A2}
	EndGlobalSection
EndGlobal
