
Microsoft Visual Studio Solution File, Format Version 12.00
# Visual Studio Version 16
VisualStudioVersion = 16.0.32510.428
MinimumVisualStudioVersion = 10.0.40219.1
Project("{FAE04EC0-301F-11D3-BF4B-00C04F79EFBC}") = "kolejka", "kolejka\kolejka.csproj", "{404DD6DA-49F4-460D-84F5-4635185D6042}"
EndProject
Global
	GlobalSection(SolutionConfigurationPlatforms) = preSolution
		Debug|Any CPU = Debug|Any CPU
		Release|Any CPU = Release|Any CPU
	EndGlobalSection
	GlobalSection(ProjectConfigurationPlatforms) = postSolution
		{404DD6DA-49F4-460D-84F5-4635185D6042}.Debug|Any CPU.ActiveCfg = Debug|Any CPU
		{404DD6DA-49F4-460D-84F5-4635185D6042}.Debug|Any CPU.Build.0 = Debug|Any CPU
		{404DD6DA-49F4-460D-84F5-4635185D6042}.Release|Any CPU.ActiveCfg = Release|Any CPU
		{404DD6DA-49F4-460D-84F5-4635185D6042}.Release|Any CPU.Build.0 = Release|Any CPU
	EndGlobalSection
	GlobalSection(SolutionProperties) = preSolution
		HideSolutionNode = FALSE
	EndGlobalSection
	GlobalSection(ExtensibilityGlobals) = postSolution
		SolutionGuid = {C803913B-922A-43E5-8C56-127A1056B4DF}
	EndGlobalSection
EndGlobal
